
Microsoft Visual Studio Solution File, Format Version 12.00
# Visual Studio Version 16
VisualStudioVersion = 16.0.29905.134
MinimumVisualStudioVersion = 10.0.40219.1
Project("{FAE04EC0-301F-11D3-BF4B-00C04F79EFBC}") = "Shmanev.VonageTest.Engine", "Shmanev.VonageTest.Engine\Shmanev.VonageTest.Engine.csproj", "{0877CF98-89EC-40E2-8E15-E5782D97D84A}"
EndProject
Project("{FAE04EC0-301F-11D3-BF4B-00C04F79EFBC}") = "Shmanev.VonageTest.Engine.Tests", "Shmanev.VonageTest.Engine.Tests\Shmanev.VonageTest.Engine.Tests.csproj", "{8D8EC5B9-8A42-409B-A410-C37B8EB7468E}"
EndProject
Global
	GlobalSection(SolutionConfigurationPlatforms) = preSolution
		Debug|Any CPU = Debug|Any CPU
		Release|Any CPU = Release|Any CPU
	EndGlobalSection
	GlobalSection(ProjectConfigurationPlatforms) = postSolution
		{0877CF98-89EC-40E2-8E15-E5782D97D84A}.Debug|Any CPU.ActiveCfg = Debug|Any CPU
		{0877CF98-89EC-40E2-8E15-E5782D97D84A}.Debug|Any CPU.Build.0 = Debug|Any CPU
		{0877CF98-89EC-40E2-8E15-E5782D97D84A}.Release|Any CPU.ActiveCfg = Release|Any CPU
		{0877CF98-89EC-40E2-8E15-E5782D97D84A}.Release|Any CPU.Build.0 = Release|Any CPU
		{8D8EC5B9-8A42-409B-A410-C37B8EB7468E}.Debug|Any CPU.ActiveCfg = Debug|Any CPU
		{8D8EC5B9-8A42-409B-A410-C37B8EB7468E}.Debug|Any CPU.Build.0 = Debug|Any CPU
		{8D8EC5B9-8A42-409B-A410-C37B8EB7468E}.Release|Any CPU.ActiveCfg = Release|Any CPU
		{8D8EC5B9-8A42-409B-A410-C37B8EB7468E}.Release|Any CPU.Build.0 = Release|Any CPU
	EndGlobalSection
	GlobalSection(SolutionProperties) = preSolution
		HideSolutionNode = FALSE
	EndGlobalSection
	GlobalSection(ExtensibilityGlobals) = postSolution
		SolutionGuid = {5ED25DEB-A55D-4CB5-B19A-AC6365A5F09C}
	EndGlobalSection
EndGlobal
